
Microsoft Visual Studio Solution File, Format Version 10.00
# Visual Studio 2008
Project("{2150E333-8FDC-42A3-9474-1A3956D46DE8}") = "Solution Items", "Solution Items", "{6E64006B-2B21-4A31-85D8-C669B9C4E7B3}"
	ProjectSection(SolutionItems) = preProject
		ReadMe.txt = ReadMe.txt
		TestRunConfig1.testrunconfig = TestRunConfig1.testrunconfig
		Worm1.vsmdi = Worm1.vsmdi
	EndProjectSection
EndProject
Project("{F184B08F-C81C-45F6-A57F-5ABD9991F28F}") = "Worm.Orm", "obm\Worm.Orm.vbproj", "{0D27B4E8-FCC0-4126-A3C0-D3C2E26E71BD}"
EndProject
Project("{F184B08F-C81C-45F6-A57F-5ABD9991F28F}") = "UnitTesting", "TestProject1\UnitTesting.vbproj", "{9D39DD33-0A52-460D-A5E2-8576E46B334F}"
EndProject
Project("{F184B08F-C81C-45F6-A57F-5ABD9991F28F}") = "ConsoleTests", "Tests\ConsoleTests.vbproj", "{8E02FB04-15DE-416A-9468-0C99CC1DBE65}"
EndProject
Project("{F184B08F-C81C-45F6-A57F-5ABD9991F28F}") = "ASPNETHosting", "ASPNETHosting\ASPNETHosting.vbproj", "{7D8F3864-281D-495E-B0E4-5731FC31D007}"
EndProject
Project("{FAE04EC0-301F-11D3-BF4B-00C04F79EFBC}") = "Worm.CodeGen.CodeGenerator", "OrmCodeGen\Worm.CodeGen.CodeGenerator.csproj", "{ADEDBCD7-24DA-43CF-A5A0-0FBB4F12A001}"
EndProject
Project("{FAE04EC0-301F-11D3-BF4B-00C04F79EFBC}") = "Worm.CodeGen.Core", "OrmCodeGenLib\Worm.CodeGen.Core.csproj", "{4D2F19CA-42F7-4DEC-8AA4-7D33E9EC2605}"
EndProject
Project("{FAE04EC0-301F-11D3-BF4B-00C04F79EFBC}") = "Worm.CodeGen.XmlGenerator", "XmlSchemaGen\Worm.CodeGen.XmlGenerator.csproj", "{F657DAB2-909A-4D7C-8B88-38A7CCF0BF40}"
EndProject
Project("{FAE04EC0-301F-11D3-BF4B-00C04F79EFBC}") = "CodeGenTesting", "TestsCodeGenLib\CodeGenTesting.csproj", "{FD0ADB48-33C6-4399-9943-6ACAB857CF53}"
EndProject
Project("{FAE04EC0-301F-11D3-BF4B-00C04F79EFBC}") = "Worm.CodeGen.VSTool", "OrmCodeGenLib.VSAddIn\Worm.CodeGen.VSTool.csproj", "{0B3CE332-EE5D-4F0A-9DEB-8B2C0D8F6EC0}"
EndProject
Project("{2150E333-8FDC-42A3-9474-1A3956D46DE8}") = "Test projects", "Test projects", "{8C1323A6-F732-41FE-ABFB-E484363505C7}"
EndProject
Global
	GlobalSection(TeamFoundationVersionControl) = preSolution
		SccNumberOfProjects = 10
		SccEnterpriseProvider = {4CA58AB2-18FA-4F8D-95D4-32DDF27D184C}
		SccTeamFoundationServer = https://tfs03.codeplex.com/
		SccLocalPath0 = .
		SccProjectUniqueName1 = ASPNETHosting\\ASPNETHosting.vbproj
		SccProjectTopLevelParentUniqueName1 = Worm.sln
		SccProjectName1 = ASPNETHosting
		SccLocalPath1 = ASPNETHosting
		SccProjectUniqueName2 = OrmCodeGenLib\\Worm.CodeGen.Core.csproj
		SccProjectName2 = OrmCodeGenLib
		SccLocalPath2 = OrmCodeGenLib
		SccProjectUniqueName3 = XmlSchemaGen\\Worm.CodeGen.XmlGenerator.csproj
		SccProjectName3 = XmlSchemaGen
		SccLocalPath3 = XmlSchemaGen
		SccProjectUniqueName4 = OrmCodeGen\\Worm.CodeGen.CodeGenerator.csproj
		SccProjectName4 = OrmCodeGen
		SccLocalPath4 = OrmCodeGen
		SccProjectUniqueName5 = OrmCodeGenLib.VSAddIn\\Worm.CodeGen.VSTool.csproj
		SccProjectName5 = OrmCodeGenLib.VSAddIn
		SccLocalPath5 = OrmCodeGenLib.VSAddIn
		SccProjectUniqueName6 = obm\\Worm.Orm.vbproj
		SccProjectName6 = obm
		SccLocalPath6 = obm
		SccProjectUniqueName7 = TestProject1\\UnitTesting.vbproj
		SccProjectTopLevelParentUniqueName7 = Worm.sln
		SccProjectName7 = TestProject1
		SccLocalPath7 = TestProject1
		SccProjectUniqueName8 = TestsCodeGenLib\\CodeGenTesting.csproj
		SccProjectTopLevelParentUniqueName8 = Worm.sln
		SccProjectName8 = TestsCodeGenLib
		SccLocalPath8 = TestsCodeGenLib
		SccProjectUniqueName9 = Tests\\ConsoleTests.vbproj
		SccProjectTopLevelParentUniqueName9 = Worm.sln
		SccProjectName9 = Tests
		SccLocalPath9 = Tests
	EndGlobalSection
	GlobalSection(TestCaseManagementSettings) = postSolution
		CategoryFile = Worm1.vsmdi
	EndGlobalSection
	GlobalSection(SolutionConfigurationPlatforms) = preSolution
		Debug AddIn|Any CPU = Debug AddIn|Any CPU
		Debug_Trace|Any CPU = Debug_Trace|Any CPU
		Debug|Any CPU = Debug|Any CPU
		DebugNonUserInstance|Any CPU = DebugNonUserInstance|Any CPU
		Release|Any CPU = Release|Any CPU
		Signed Debug|Any CPU = Signed Debug|Any CPU
		Unsigned Release|Any CPU = Unsigned Release|Any CPU
	EndGlobalSection
	GlobalSection(ProjectConfigurationPlatforms) = postSolution
		{0D27B4E8-FCC0-4126-A3C0-D3C2E26E71BD}.Debug AddIn|Any CPU.ActiveCfg = Debug_Trace|Any CPU
		{0D27B4E8-FCC0-4126-A3C0-D3C2E26E71BD}.Debug AddIn|Any CPU.Build.0 = Debug_Trace|Any CPU
		{0D27B4E8-FCC0-4126-A3C0-D3C2E26E71BD}.Debug_Trace|Any CPU.ActiveCfg = Debug_Trace|Any CPU
		{0D27B4E8-FCC0-4126-A3C0-D3C2E26E71BD}.Debug_Trace|Any CPU.Build.0 = Debug_Trace|Any CPU
		{0D27B4E8-FCC0-4126-A3C0-D3C2E26E71BD}.Debug|Any CPU.ActiveCfg = Debug|Any CPU
		{0D27B4E8-FCC0-4126-A3C0-D3C2E26E71BD}.Debug|Any CPU.Build.0 = Debug|Any CPU
		{0D27B4E8-FCC0-4126-A3C0-D3C2E26E71BD}.DebugNonUserInstance|Any CPU.ActiveCfg = DebugNonUserInstance|Any CPU
		{0D27B4E8-FCC0-4126-A3C0-D3C2E26E71BD}.DebugNonUserInstance|Any CPU.Build.0 = DebugNonUserInstance|Any CPU
		{0D27B4E8-FCC0-4126-A3C0-D3C2E26E71BD}.Release|Any CPU.ActiveCfg = Release|Any CPU
		{0D27B4E8-FCC0-4126-A3C0-D3C2E26E71BD}.Release|Any CPU.Build.0 = Release|Any CPU
		{0D27B4E8-FCC0-4126-A3C0-D3C2E26E71BD}.Signed Debug|Any CPU.ActiveCfg = Signed Debug|Any CPU
		{0D27B4E8-FCC0-4126-A3C0-D3C2E26E71BD}.Signed Debug|Any CPU.Build.0 = Signed Debug|Any CPU
		{0D27B4E8-FCC0-4126-A3C0-D3C2E26E71BD}.Unsigned Release|Any CPU.ActiveCfg = Unsigned Release|Any CPU
		{0D27B4E8-FCC0-4126-A3C0-D3C2E26E71BD}.Unsigned Release|Any CPU.Build.0 = Unsigned Release|Any CPU
		{9D39DD33-0A52-460D-A5E2-8576E46B334F}.Debug AddIn|Any CPU.ActiveCfg = Debug_Trace|Any CPU
		{9D39DD33-0A52-460D-A5E2-8576E46B334F}.Debug AddIn|Any CPU.Build.0 = Debug_Trace|Any CPU
		{9D39DD33-0A52-460D-A5E2-8576E46B334F}.Debug_Trace|Any CPU.ActiveCfg = Debug_Trace|Any CPU
		{9D39DD33-0A52-460D-A5E2-8576E46B334F}.Debug_Trace|Any CPU.Build.0 = Debug_Trace|Any CPU
		{9D39DD33-0A52-460D-A5E2-8576E46B334F}.Debug|Any CPU.ActiveCfg = Debug|Any CPU
		{9D39DD33-0A52-460D-A5E2-8576E46B334F}.Debug|Any CPU.Build.0 = Debug|Any CPU
		{9D39DD33-0A52-460D-A5E2-8576E46B334F}.DebugNonUserInstance|Any CPU.ActiveCfg = DebugNonUserInstance|Any CPU
		{9D39DD33-0A52-460D-A5E2-8576E46B334F}.DebugNonUserInstance|Any CPU.Build.0 = DebugNonUserInstance|Any CPU
		{9D39DD33-0A52-460D-A5E2-8576E46B334F}.Release|Any CPU.ActiveCfg = Release|Any CPU
		{9D39DD33-0A52-460D-A5E2-8576E46B334F}.Release|Any CPU.Build.0 = Release|Any CPU
		{9D39DD33-0A52-460D-A5E2-8576E46B334F}.Signed Debug|Any CPU.ActiveCfg = Debug|Any CPU
		{9D39DD33-0A52-460D-A5E2-8576E46B334F}.Signed Debug|Any CPU.Build.0 = Debug|Any CPU
		{9D39DD33-0A52-460D-A5E2-8576E46B334F}.Unsigned Release|Any CPU.ActiveCfg = Release|Any CPU
		{9D39DD33-0A52-460D-A5E2-8576E46B334F}.Unsigned Release|Any CPU.Build.0 = Release|Any CPU
		{8E02FB04-15DE-416A-9468-0C99CC1DBE65}.Debug AddIn|Any CPU.ActiveCfg = Debug_Trace|Any CPU
		{8E02FB04-15DE-416A-9468-0C99CC1DBE65}.Debug AddIn|Any CPU.Build.0 = Debug_Trace|Any CPU
		{8E02FB04-15DE-416A-9468-0C99CC1DBE65}.Debug_Trace|Any CPU.ActiveCfg = Debug_Trace|Any CPU
		{8E02FB04-15DE-416A-9468-0C99CC1DBE65}.Debug_Trace|Any CPU.Build.0 = Debug_Trace|Any CPU
		{8E02FB04-15DE-416A-9468-0C99CC1DBE65}.Debug|Any CPU.ActiveCfg = Debug|Any CPU
		{8E02FB04-15DE-416A-9468-0C99CC1DBE65}.Debug|Any CPU.Build.0 = Debug|Any CPU
		{8E02FB04-15DE-416A-9468-0C99CC1DBE65}.DebugNonUserInstance|Any CPU.ActiveCfg = DebugNonUserInstance|Any CPU
		{8E02FB04-15DE-416A-9468-0C99CC1DBE65}.DebugNonUserInstance|Any CPU.Build.0 = DebugNonUserInstance|Any CPU
		{8E02FB04-15DE-416A-9468-0C99CC1DBE65}.Release|Any CPU.ActiveCfg = Release|Any CPU
		{8E02FB04-15DE-416A-9468-0C99CC1DBE65}.Release|Any CPU.Build.0 = Release|Any CPU
		{8E02FB04-15DE-416A-9468-0C99CC1DBE65}.Signed Debug|Any CPU.ActiveCfg = Debug|Any CPU
		{8E02FB04-15DE-416A-9468-0C99CC1DBE65}.Signed Debug|Any CPU.Build.0 = Debug|Any CPU
		{8E02FB04-15DE-416A-9468-0C99CC1DBE65}.Unsigned Release|Any CPU.ActiveCfg = Release|Any CPU
		{8E02FB04-15DE-416A-9468-0C99CC1DBE65}.Unsigned Release|Any CPU.Build.0 = Release|Any CPU
		{7D8F3864-281D-495E-B0E4-5731FC31D007}.Debug AddIn|Any CPU.ActiveCfg = Debug_Trace|Any CPU
		{7D8F3864-281D-495E-B0E4-5731FC31D007}.Debug AddIn|Any CPU.Build.0 = Debug_Trace|Any CPU
		{7D8F3864-281D-495E-B0E4-5731FC31D007}.Debug_Trace|Any CPU.ActiveCfg = Debug_Trace|Any CPU
		{7D8F3864-281D-495E-B0E4-5731FC31D007}.Debug_Trace|Any CPU.Build.0 = Debug_Trace|Any CPU
		{7D8F3864-281D-495E-B0E4-5731FC31D007}.Debug|Any CPU.ActiveCfg = Debug|Any CPU
		{7D8F3864-281D-495E-B0E4-5731FC31D007}.Debug|Any CPU.Build.0 = Debug|Any CPU
		{7D8F3864-281D-495E-B0E4-5731FC31D007}.DebugNonUserInstance|Any CPU.ActiveCfg = DebugNonUserInstance|Any CPU
		{7D8F3864-281D-495E-B0E4-5731FC31D007}.DebugNonUserInstance|Any CPU.Build.0 = DebugNonUserInstance|Any CPU
		{7D8F3864-281D-495E-B0E4-5731FC31D007}.Release|Any CPU.ActiveCfg = Release|Any CPU
		{7D8F3864-281D-495E-B0E4-5731FC31D007}.Release|Any CPU.Build.0 = Release|Any CPU
		{7D8F3864-281D-495E-B0E4-5731FC31D007}.Signed Debug|Any CPU.ActiveCfg = Debug|Any CPU
		{7D8F3864-281D-495E-B0E4-5731FC31D007}.Signed Debug|Any CPU.Build.0 = Debug|Any CPU
		{7D8F3864-281D-495E-B0E4-5731FC31D007}.Unsigned Release|Any CPU.ActiveCfg = Release|Any CPU
		{7D8F3864-281D-495E-B0E4-5731FC31D007}.Unsigned Release|Any CPU.Build.0 = Release|Any CPU
		{ADEDBCD7-24DA-43CF-A5A0-0FBB4F12A001}.Debug AddIn|Any CPU.ActiveCfg = Debug_Trace|Any CPU
		{ADEDBCD7-24DA-43CF-A5A0-0FBB4F12A001}.Debug AddIn|Any CPU.Build.0 = Debug_Trace|Any CPU
		{ADEDBCD7-24DA-43CF-A5A0-0FBB4F12A001}.Debug_Trace|Any CPU.ActiveCfg = Debug_Trace|Any CPU
		{ADEDBCD7-24DA-43CF-A5A0-0FBB4F12A001}.Debug_Trace|Any CPU.Build.0 = Debug_Trace|Any CPU
		{ADEDBCD7-24DA-43CF-A5A0-0FBB4F12A001}.Debug|Any CPU.ActiveCfg = Debug|Any CPU
		{ADEDBCD7-24DA-43CF-A5A0-0FBB4F12A001}.Debug|Any CPU.Build.0 = Debug|Any CPU
		{ADEDBCD7-24DA-43CF-A5A0-0FBB4F12A001}.DebugNonUserInstance|Any CPU.ActiveCfg = DebugNonUserInstance|Any CPU
		{ADEDBCD7-24DA-43CF-A5A0-0FBB4F12A001}.DebugNonUserInstance|Any CPU.Build.0 = DebugNonUserInstance|Any CPU
		{ADEDBCD7-24DA-43CF-A5A0-0FBB4F12A001}.Release|Any CPU.ActiveCfg = Release|Any CPU
		{ADEDBCD7-24DA-43CF-A5A0-0FBB4F12A001}.Release|Any CPU.Build.0 = Release|Any CPU
		{ADEDBCD7-24DA-43CF-A5A0-0FBB4F12A001}.Signed Debug|Any CPU.ActiveCfg = Debug|Any CPU
		{ADEDBCD7-24DA-43CF-A5A0-0FBB4F12A001}.Signed Debug|Any CPU.Build.0 = Debug|Any CPU
		{ADEDBCD7-24DA-43CF-A5A0-0FBB4F12A001}.Unsigned Release|Any CPU.ActiveCfg = Release|Any CPU
		{ADEDBCD7-24DA-43CF-A5A0-0FBB4F12A001}.Unsigned Release|Any CPU.Build.0 = Release|Any CPU
		{4D2F19CA-42F7-4DEC-8AA4-7D33E9EC2605}.Debug AddIn|Any CPU.ActiveCfg = Debug|Any CPU
		{4D2F19CA-42F7-4DEC-8AA4-7D33E9EC2605}.Debug AddIn|Any CPU.Build.0 = Debug|Any CPU
		{4D2F19CA-42F7-4DEC-8AA4-7D33E9EC2605}.Debug_Trace|Any CPU.ActiveCfg = Debug|Any CPU
		{4D2F19CA-42F7-4DEC-8AA4-7D33E9EC2605}.Debug_Trace|Any CPU.Build.0 = Debug|Any CPU
		{4D2F19CA-42F7-4DEC-8AA4-7D33E9EC2605}.Debug|Any CPU.ActiveCfg = Debug|Any CPU
		{4D2F19CA-42F7-4DEC-8AA4-7D33E9EC2605}.Debug|Any CPU.Build.0 = Debug|Any CPU
		{4D2F19CA-42F7-4DEC-8AA4-7D33E9EC2605}.DebugNonUserInstance|Any CPU.ActiveCfg = DebugNonUserInstance|Any CPU
		{4D2F19CA-42F7-4DEC-8AA4-7D33E9EC2605}.DebugNonUserInstance|Any CPU.Build.0 = DebugNonUserInstance|Any CPU
		{4D2F19CA-42F7-4DEC-8AA4-7D33E9EC2605}.Release|Any CPU.ActiveCfg = Release|Any CPU
		{4D2F19CA-42F7-4DEC-8AA4-7D33E9EC2605}.Release|Any CPU.Build.0 = Release|Any CPU
		{4D2F19CA-42F7-4DEC-8AA4-7D33E9EC2605}.Signed Debug|Any CPU.ActiveCfg = Debug|Any CPU
		{4D2F19CA-42F7-4DEC-8AA4-7D33E9EC2605}.Signed Debug|Any CPU.Build.0 = Debug|Any CPU
		{4D2F19CA-42F7-4DEC-8AA4-7D33E9EC2605}.Unsigned Release|Any CPU.ActiveCfg = Release|Any CPU
		{4D2F19CA-42F7-4DEC-8AA4-7D33E9EC2605}.Unsigned Release|Any CPU.Build.0 = Release|Any CPU
		{F657DAB2-909A-4D7C-8B88-38A7CCF0BF40}.Debug AddIn|Any CPU.ActiveCfg = Debug_Trace|Any CPU
		{F657DAB2-909A-4D7C-8B88-38A7CCF0BF40}.Debug AddIn|Any CPU.Build.0 = Debug_Trace|Any CPU
		{F657DAB2-909A-4D7C-8B88-38A7CCF0BF40}.Debug_Trace|Any CPU.ActiveCfg = Debug_Trace|Any CPU
		{F657DAB2-909A-4D7C-8B88-38A7CCF0BF40}.Debug_Trace|Any CPU.Build.0 = Debug_Trace|Any CPU
		{F657DAB2-909A-4D7C-8B88-38A7CCF0BF40}.Debug|Any CPU.ActiveCfg = Debug|Any CPU
		{F657DAB2-909A-4D7C-8B88-38A7CCF0BF40}.Debug|Any CPU.Build.0 = Debug|Any CPU
		{F657DAB2-909A-4D7C-8B88-38A7CCF0BF40}.DebugNonUserInstance|Any CPU.ActiveCfg = DebugNonUserInstance|Any CPU
		{F657DAB2-909A-4D7C-8B88-38A7CCF0BF40}.DebugNonUserInstance|Any CPU.Build.0 = DebugNonUserInstance|Any CPU
		{F657DAB2-909A-4D7C-8B88-38A7CCF0BF40}.Release|Any CPU.ActiveCfg = Release|Any CPU
		{F657DAB2-909A-4D7C-8B88-38A7CCF0BF40}.Release|Any CPU.Build.0 = Release|Any CPU
		{F657DAB2-909A-4D7C-8B88-38A7CCF0BF40}.Signed Debug|Any CPU.ActiveCfg = Debug|Any CPU
		{F657DAB2-909A-4D7C-8B88-38A7CCF0BF40}.Signed Debug|Any CPU.Build.0 = Debug|Any CPU
		{F657DAB2-909A-4D7C-8B88-38A7CCF0BF40}.Unsigned Release|Any CPU.ActiveCfg = Release|Any CPU
		{F657DAB2-909A-4D7C-8B88-38A7CCF0BF40}.Unsigned Release|Any CPU.Build.0 = Release|Any CPU
		{FD0ADB48-33C6-4399-9943-6ACAB857CF53}.Debug AddIn|Any CPU.ActiveCfg = Debug|Any CPU
		{FD0ADB48-33C6-4399-9943-6ACAB857CF53}.Debug AddIn|Any CPU.Build.0 = Debug|Any CPU
		{FD0ADB48-33C6-4399-9943-6ACAB857CF53}.Debug_Trace|Any CPU.ActiveCfg = Debug|Any CPU
		{FD0ADB48-33C6-4399-9943-6ACAB857CF53}.Debug_Trace|Any CPU.Build.0 = Debug|Any CPU
		{FD0ADB48-33C6-4399-9943-6ACAB857CF53}.Debug|Any CPU.ActiveCfg = Debug|Any CPU
		{FD0ADB48-33C6-4399-9943-6ACAB857CF53}.Debug|Any CPU.Build.0 = Debug|Any CPU
		{FD0ADB48-33C6-4399-9943-6ACAB857CF53}.DebugNonUserInstance|Any CPU.ActiveCfg = DebugNonUserInstance|Any CPU
		{FD0ADB48-33C6-4399-9943-6ACAB857CF53}.DebugNonUserInstance|Any CPU.Build.0 = DebugNonUserInstance|Any CPU
		{FD0ADB48-33C6-4399-9943-6ACAB857CF53}.Release|Any CPU.ActiveCfg = Release|Any CPU
		{FD0ADB48-33C6-4399-9943-6ACAB857CF53}.Release|Any CPU.Build.0 = Release|Any CPU
		{FD0ADB48-33C6-4399-9943-6ACAB857CF53}.Signed Debug|Any CPU.ActiveCfg = Debug|Any CPU
		{FD0ADB48-33C6-4399-9943-6ACAB857CF53}.Signed Debug|Any CPU.Build.0 = Debug|Any CPU
		{FD0ADB48-33C6-4399-9943-6ACAB857CF53}.Unsigned Release|Any CPU.ActiveCfg = Release|Any CPU
		{FD0ADB48-33C6-4399-9943-6ACAB857CF53}.Unsigned Release|Any CPU.Build.0 = Release|Any CPU
		{0B3CE332-EE5D-4F0A-9DEB-8B2C0D8F6EC0}.Debug AddIn|Any CPU.ActiveCfg = Debug AddIn|Any CPU
		{0B3CE332-EE5D-4F0A-9DEB-8B2C0D8F6EC0}.Debug AddIn|Any CPU.Build.0 = Debug AddIn|Any CPU
		{0B3CE332-EE5D-4F0A-9DEB-8B2C0D8F6EC0}.Debug_Trace|Any CPU.ActiveCfg = Debug|Any CPU
		{0B3CE332-EE5D-4F0A-9DEB-8B2C0D8F6EC0}.Debug_Trace|Any CPU.Build.0 = Debug|Any CPU
		{0B3CE332-EE5D-4F0A-9DEB-8B2C0D8F6EC0}.Debug|Any CPU.ActiveCfg = Debug|Any CPU
		{0B3CE332-EE5D-4F0A-9DEB-8B2C0D8F6EC0}.Debug|Any CPU.Build.0 = Debug|Any CPU
		{0B3CE332-EE5D-4F0A-9DEB-8B2C0D8F6EC0}.DebugNonUserInstance|Any CPU.ActiveCfg = DebugNonUserInstance|Any CPU
		{0B3CE332-EE5D-4F0A-9DEB-8B2C0D8F6EC0}.DebugNonUserInstance|Any CPU.Build.0 = DebugNonUserInstance|Any CPU
		{0B3CE332-EE5D-4F0A-9DEB-8B2C0D8F6EC0}.Release|Any CPU.ActiveCfg = Release|Any CPU
		{0B3CE332-EE5D-4F0A-9DEB-8B2C0D8F6EC0}.Release|Any CPU.Build.0 = Release|Any CPU
		{0B3CE332-EE5D-4F0A-9DEB-8B2C0D8F6EC0}.Signed Debug|Any CPU.ActiveCfg = Debug|Any CPU
		{0B3CE332-EE5D-4F0A-9DEB-8B2C0D8F6EC0}.Signed Debug|Any CPU.Build.0 = Debug|Any CPU
		{0B3CE332-EE5D-4F0A-9DEB-8B2C0D8F6EC0}.Unsigned Release|Any CPU.ActiveCfg = Release|Any CPU
		{0B3CE332-EE5D-4F0A-9DEB-8B2C0D8F6EC0}.Unsigned Release|Any CPU.Build.0 = Release|Any CPU
	EndGlobalSection
	GlobalSection(SolutionProperties) = preSolution
		HideSolutionNode = FALSE
	EndGlobalSection
	GlobalSection(NestedProjects) = preSolution
		{8E02FB04-15DE-416A-9468-0C99CC1DBE65} = {8C1323A6-F732-41FE-ABFB-E484363505C7}
		{7D8F3864-281D-495E-B0E4-5731FC31D007} = {8C1323A6-F732-41FE-ABFB-E484363505C7}
		{FD0ADB48-33C6-4399-9943-6ACAB857CF53} = {8C1323A6-F732-41FE-ABFB-E484363505C7}
		{9D39DD33-0A52-460D-A5E2-8576E46B334F} = {8C1323A6-F732-41FE-ABFB-E484363505C7}
	EndGlobalSection
	GlobalSection(DPCodeReviewSolutionGUID) = preSolution
		DPCodeReviewSolutionGUID = {00000000-0000-0000-0000-000000000000}
	EndGlobalSection
EndGlobal
