
Microsoft Visual Studio Solution File, Format Version 12.00
# Visual Studio 2013
VisualStudioVersion = 12.0.21005.1
MinimumVisualStudioVersion = 10.0.40219.1
Project("{2150E333-8FDC-42A3-9474-1A3956D46DE8}") = "Solution Items", "Solution Items", "{6E64006B-2B21-4A31-85D8-C669B9C4E7B3}"
	ProjectSection(SolutionItems) = preProject
		ReadMe.txt = ReadMe.txt
		TestRunConfig1.testrunconfig = TestRunConfig1.testrunconfig
		worm1.vsmdi = worm1.vsmdi
	EndProjectSection
EndProject
Project("{2150E333-8FDC-42A3-9474-1A3956D46DE8}") = "Test projects", "Test projects", "{8C1323A6-F732-41FE-ABFB-E484363505C7}"
EndProject
Project("{2150E333-8FDC-42A3-9474-1A3956D46DE8}") = "net3.5", "net3.5", "{1284C3C7-8A34-4C94-9A82-7DA6B87DC070}"
EndProject
Project("{2150E333-8FDC-42A3-9474-1A3956D46DE8}") = "Help", "Help", "{559EB33E-8BA0-4E0B-8E3B-31E11DB5D5E3}"
	ProjectSection(SolutionItems) = preProject
		Help\url.js = Help\url.js
		Help\worm.shfbproj = Help\worm.shfbproj
	EndProjectSection
EndProject
Project("{2150E333-8FDC-42A3-9474-1A3956D46DE8}") = "Binaries", "Binaries", "{DDEDC24E-8B2F-4495-A3C0-79F779A0EC93}"
	ProjectSection(SolutionItems) = preProject
		Binaries\CoreFramework.dll = Binaries\CoreFramework.dll
		Binaries\CoreFramework.pdb = Binaries\CoreFramework.pdb
	EndProjectSection
EndProject
Project("{F184B08F-C81C-45F6-A57F-5ABD9991F28F}") = "Worm.Orm", "obm\Worm.Orm.vbproj", "{0D27B4E8-FCC0-4126-A3C0-D3C2E26E71BD}"
EndProject
Project("{F184B08F-C81C-45F6-A57F-5ABD9991F28F}") = "UnitTesting", "TestProject1\UnitTesting.vbproj", "{9D39DD33-0A52-460D-A5E2-8576E46B334F}"
EndProject
Project("{F184B08F-C81C-45F6-A57F-5ABD9991F28F}") = "ConsoleTests", "Tests\ConsoleTests.vbproj", "{8E02FB04-15DE-416A-9468-0C99CC1DBE65}"
EndProject
Project("{F184B08F-C81C-45F6-A57F-5ABD9991F28F}") = "ASPNETHosting", "ASPNETHosting\ASPNETHosting.vbproj", "{7D8F3864-281D-495E-B0E4-5731FC31D007}"
EndProject
Project("{F184B08F-C81C-45F6-A57F-5ABD9991F28F}") = "test", "net3.5\linq\test.vbproj", "{7A3C88E6-950E-4D7B-B0C9-1573328F44D0}"
EndProject
Project("{F184B08F-C81C-45F6-A57F-5ABD9991F28F}") = "TestLinq", "net3.5\TestLinq\TestLinq.vbproj", "{0D88361E-442C-409C-AAC7-4878E72199CB}"
EndProject
Project("{F184B08F-C81C-45F6-A57F-5ABD9991F28F}") = "Worm.Linq", "net3.5\linqprovider\Worm.Linq.vbproj", "{C479F776-A580-4451-813F-2D151635996D}"
EndProject
Project("{F184B08F-C81C-45F6-A57F-5ABD9991F28F}") = "MySQL", "MySQL\MySQL.vbproj", "{87DFADDB-052C-485E-9C99-7D6199A0554C}"
EndProject
Project("{F184B08F-C81C-45F6-A57F-5ABD9991F28F}") = "MySQLTests", "MySQLTests\MySQLTests.vbproj", "{B0B35652-66B7-4B26-9237-FF2731863E86}"
EndProject
Global
	GlobalSection(TeamFoundationVersionControl) = preSolution
		SccNumberOfProjects = 10
		SccEnterpriseProvider = {4CA58AB2-18FA-4F8D-95D4-32DDF27D184C}
		SccTeamFoundationServer = https://tfs.codeplex.com/tfs/tfs03
		SccLocalPath0 = .
		SccProjectUniqueName1 = ASPNETHosting\\ASPNETHosting.vbproj
		SccProjectTopLevelParentUniqueName1 = Worm.sln
		SccProjectName1 = ASPNETHosting
		SccLocalPath1 = ASPNETHosting
		SccProjectUniqueName2 = obm\\Worm.Orm.vbproj
		SccProjectName2 = obm
		SccLocalPath2 = obm
		SccProjectUniqueName3 = TestProject1\\UnitTesting.vbproj
		SccProjectTopLevelParentUniqueName3 = Worm.sln
		SccProjectName3 = TestProject1
		SccLocalPath3 = TestProject1
		SccProjectUniqueName4 = Tests\\ConsoleTests.vbproj
		SccProjectTopLevelParentUniqueName4 = Worm.sln
		SccProjectName4 = Tests
		SccLocalPath4 = Tests
		SccProjectUniqueName5 = net3.5\\linq\\test.vbproj
		SccProjectTopLevelParentUniqueName5 = Worm.sln
		SccProjectName5 = net3.5/linq
		SccLocalPath5 = net3.5\\linq
		SccProjectUniqueName6 = net3.5\\TestLinq\\TestLinq.vbproj
		SccProjectTopLevelParentUniqueName6 = Worm.sln
		SccProjectName6 = net3.5/TestLinq
		SccLocalPath6 = net3.5\\TestLinq
		SccProjectUniqueName7 = net3.5\\linqprovider\\Worm.Linq.vbproj
		SccProjectTopLevelParentUniqueName7 = Worm.sln
		SccProjectName7 = net3.5/linqprovider
		SccLocalPath7 = net3.5\\linqprovider
		SccProjectUniqueName8 = MySQL\\MySQL.vbproj
		SccProjectName8 = MySQL
		SccLocalPath8 = MySQL
		SccProjectUniqueName9 = MySQLTests\\MySQLTests.vbproj
		SccProjectTopLevelParentUniqueName9 = Worm.sln
		SccProjectName9 = MySQLTests
		SccLocalPath9 = MySQLTests
	EndGlobalSection
	GlobalSection(SolutionConfigurationPlatforms) = preSolution
		Debug AddIn|Any CPU = Debug AddIn|Any CPU
		Debug_Trace|Any CPU = Debug_Trace|Any CPU
		Debug|Any CPU = Debug|Any CPU
		DebugNonUserInstance|Any CPU = DebugNonUserInstance|Any CPU
		Release|Any CPU = Release|Any CPU
		Signed Debug|Any CPU = Signed Debug|Any CPU
		Unsigned Release|Any CPU = Unsigned Release|Any CPU
	EndGlobalSection
	GlobalSection(ProjectConfigurationPlatforms) = postSolution
		{0D27B4E8-FCC0-4126-A3C0-D3C2E26E71BD}.Debug AddIn|Any CPU.ActiveCfg = DebugNonUserInstance|Any CPU
		{0D27B4E8-FCC0-4126-A3C0-D3C2E26E71BD}.Debug AddIn|Any CPU.Build.0 = DebugNonUserInstance|Any CPU
		{0D27B4E8-FCC0-4126-A3C0-D3C2E26E71BD}.Debug_Trace|Any CPU.ActiveCfg = Debug_Trace|Any CPU
		{0D27B4E8-FCC0-4126-A3C0-D3C2E26E71BD}.Debug_Trace|Any CPU.Build.0 = Debug_Trace|Any CPU
		{0D27B4E8-FCC0-4126-A3C0-D3C2E26E71BD}.Debug|Any CPU.ActiveCfg = Debug|Any CPU
		{0D27B4E8-FCC0-4126-A3C0-D3C2E26E71BD}.Debug|Any CPU.Build.0 = Debug|Any CPU
		{0D27B4E8-FCC0-4126-A3C0-D3C2E26E71BD}.DebugNonUserInstance|Any CPU.ActiveCfg = DebugNonUserInstance|Any CPU
		{0D27B4E8-FCC0-4126-A3C0-D3C2E26E71BD}.DebugNonUserInstance|Any CPU.Build.0 = DebugNonUserInstance|Any CPU
		{0D27B4E8-FCC0-4126-A3C0-D3C2E26E71BD}.Release|Any CPU.ActiveCfg = Release|Any CPU
		{0D27B4E8-FCC0-4126-A3C0-D3C2E26E71BD}.Release|Any CPU.Build.0 = Release|Any CPU
		{0D27B4E8-FCC0-4126-A3C0-D3C2E26E71BD}.Signed Debug|Any CPU.ActiveCfg = Signed Debug|Any CPU
		{0D27B4E8-FCC0-4126-A3C0-D3C2E26E71BD}.Signed Debug|Any CPU.Build.0 = Signed Debug|Any CPU
		{0D27B4E8-FCC0-4126-A3C0-D3C2E26E71BD}.Unsigned Release|Any CPU.ActiveCfg = Unsigned Release|Any CPU
		{0D27B4E8-FCC0-4126-A3C0-D3C2E26E71BD}.Unsigned Release|Any CPU.Build.0 = Unsigned Release|Any CPU
		{9D39DD33-0A52-460D-A5E2-8576E46B334F}.Debug AddIn|Any CPU.ActiveCfg = DebugNonUserInstance|Any CPU
		{9D39DD33-0A52-460D-A5E2-8576E46B334F}.Debug AddIn|Any CPU.Build.0 = DebugNonUserInstance|Any CPU
		{9D39DD33-0A52-460D-A5E2-8576E46B334F}.Debug_Trace|Any CPU.ActiveCfg = Debug_Trace|Any CPU
		{9D39DD33-0A52-460D-A5E2-8576E46B334F}.Debug_Trace|Any CPU.Build.0 = Debug_Trace|Any CPU
		{9D39DD33-0A52-460D-A5E2-8576E46B334F}.Debug|Any CPU.ActiveCfg = Debug|Any CPU
		{9D39DD33-0A52-460D-A5E2-8576E46B334F}.Debug|Any CPU.Build.0 = Debug|Any CPU
		{9D39DD33-0A52-460D-A5E2-8576E46B334F}.DebugNonUserInstance|Any CPU.ActiveCfg = DebugNonUserInstance|Any CPU
		{9D39DD33-0A52-460D-A5E2-8576E46B334F}.DebugNonUserInstance|Any CPU.Build.0 = DebugNonUserInstance|Any CPU
		{9D39DD33-0A52-460D-A5E2-8576E46B334F}.Release|Any CPU.ActiveCfg = Release|Any CPU
		{9D39DD33-0A52-460D-A5E2-8576E46B334F}.Release|Any CPU.Build.0 = Release|Any CPU
		{9D39DD33-0A52-460D-A5E2-8576E46B334F}.Signed Debug|Any CPU.ActiveCfg = Debug|Any CPU
		{9D39DD33-0A52-460D-A5E2-8576E46B334F}.Signed Debug|Any CPU.Build.0 = Debug|Any CPU
		{9D39DD33-0A52-460D-A5E2-8576E46B334F}.Unsigned Release|Any CPU.ActiveCfg = Release|Any CPU
		{9D39DD33-0A52-460D-A5E2-8576E46B334F}.Unsigned Release|Any CPU.Build.0 = Release|Any CPU
		{8E02FB04-15DE-416A-9468-0C99CC1DBE65}.Debug AddIn|Any CPU.ActiveCfg = DebugNonUserInstance|Any CPU
		{8E02FB04-15DE-416A-9468-0C99CC1DBE65}.Debug AddIn|Any CPU.Build.0 = DebugNonUserInstance|Any CPU
		{8E02FB04-15DE-416A-9468-0C99CC1DBE65}.Debug_Trace|Any CPU.ActiveCfg = Debug_Trace|Any CPU
		{8E02FB04-15DE-416A-9468-0C99CC1DBE65}.Debug_Trace|Any CPU.Build.0 = Debug_Trace|Any CPU
		{8E02FB04-15DE-416A-9468-0C99CC1DBE65}.Debug|Any CPU.ActiveCfg = Debug|Any CPU
		{8E02FB04-15DE-416A-9468-0C99CC1DBE65}.Debug|Any CPU.Build.0 = Debug|Any CPU
		{8E02FB04-15DE-416A-9468-0C99CC1DBE65}.DebugNonUserInstance|Any CPU.ActiveCfg = DebugNonUserInstance|Any CPU
		{8E02FB04-15DE-416A-9468-0C99CC1DBE65}.DebugNonUserInstance|Any CPU.Build.0 = DebugNonUserInstance|Any CPU
		{8E02FB04-15DE-416A-9468-0C99CC1DBE65}.Release|Any CPU.ActiveCfg = Release|Any CPU
		{8E02FB04-15DE-416A-9468-0C99CC1DBE65}.Release|Any CPU.Build.0 = Release|Any CPU
		{8E02FB04-15DE-416A-9468-0C99CC1DBE65}.Signed Debug|Any CPU.ActiveCfg = Debug|Any CPU
		{8E02FB04-15DE-416A-9468-0C99CC1DBE65}.Signed Debug|Any CPU.Build.0 = Debug|Any CPU
		{8E02FB04-15DE-416A-9468-0C99CC1DBE65}.Unsigned Release|Any CPU.ActiveCfg = Release|Any CPU
		{8E02FB04-15DE-416A-9468-0C99CC1DBE65}.Unsigned Release|Any CPU.Build.0 = Release|Any CPU
		{7D8F3864-281D-495E-B0E4-5731FC31D007}.Debug AddIn|Any CPU.ActiveCfg = DebugNonUserInstance|Any CPU
		{7D8F3864-281D-495E-B0E4-5731FC31D007}.Debug AddIn|Any CPU.Build.0 = DebugNonUserInstance|Any CPU
		{7D8F3864-281D-495E-B0E4-5731FC31D007}.Debug_Trace|Any CPU.ActiveCfg = Debug_Trace|Any CPU
		{7D8F3864-281D-495E-B0E4-5731FC31D007}.Debug_Trace|Any CPU.Build.0 = Debug_Trace|Any CPU
		{7D8F3864-281D-495E-B0E4-5731FC31D007}.Debug|Any CPU.ActiveCfg = Debug|Any CPU
		{7D8F3864-281D-495E-B0E4-5731FC31D007}.Debug|Any CPU.Build.0 = Debug|Any CPU
		{7D8F3864-281D-495E-B0E4-5731FC31D007}.DebugNonUserInstance|Any CPU.ActiveCfg = DebugNonUserInstance|Any CPU
		{7D8F3864-281D-495E-B0E4-5731FC31D007}.DebugNonUserInstance|Any CPU.Build.0 = DebugNonUserInstance|Any CPU
		{7D8F3864-281D-495E-B0E4-5731FC31D007}.Release|Any CPU.ActiveCfg = Release|Any CPU
		{7D8F3864-281D-495E-B0E4-5731FC31D007}.Release|Any CPU.Build.0 = Release|Any CPU
		{7D8F3864-281D-495E-B0E4-5731FC31D007}.Signed Debug|Any CPU.ActiveCfg = Debug|Any CPU
		{7D8F3864-281D-495E-B0E4-5731FC31D007}.Signed Debug|Any CPU.Build.0 = Debug|Any CPU
		{7D8F3864-281D-495E-B0E4-5731FC31D007}.Unsigned Release|Any CPU.ActiveCfg = Release|Any CPU
		{7D8F3864-281D-495E-B0E4-5731FC31D007}.Unsigned Release|Any CPU.Build.0 = Release|Any CPU
		{7A3C88E6-950E-4D7B-B0C9-1573328F44D0}.Debug AddIn|Any CPU.ActiveCfg = Debug|Any CPU
		{7A3C88E6-950E-4D7B-B0C9-1573328F44D0}.Debug AddIn|Any CPU.Build.0 = Debug|Any CPU
		{7A3C88E6-950E-4D7B-B0C9-1573328F44D0}.Debug_Trace|Any CPU.ActiveCfg = Debug|Any CPU
		{7A3C88E6-950E-4D7B-B0C9-1573328F44D0}.Debug_Trace|Any CPU.Build.0 = Debug|Any CPU
		{7A3C88E6-950E-4D7B-B0C9-1573328F44D0}.Debug|Any CPU.ActiveCfg = Debug|Any CPU
		{7A3C88E6-950E-4D7B-B0C9-1573328F44D0}.Debug|Any CPU.Build.0 = Debug|Any CPU
		{7A3C88E6-950E-4D7B-B0C9-1573328F44D0}.DebugNonUserInstance|Any CPU.ActiveCfg = Debug|Any CPU
		{7A3C88E6-950E-4D7B-B0C9-1573328F44D0}.DebugNonUserInstance|Any CPU.Build.0 = Debug|Any CPU
		{7A3C88E6-950E-4D7B-B0C9-1573328F44D0}.Release|Any CPU.ActiveCfg = Release|Any CPU
		{7A3C88E6-950E-4D7B-B0C9-1573328F44D0}.Release|Any CPU.Build.0 = Release|Any CPU
		{7A3C88E6-950E-4D7B-B0C9-1573328F44D0}.Signed Debug|Any CPU.ActiveCfg = Debug|Any CPU
		{7A3C88E6-950E-4D7B-B0C9-1573328F44D0}.Signed Debug|Any CPU.Build.0 = Debug|Any CPU
		{7A3C88E6-950E-4D7B-B0C9-1573328F44D0}.Unsigned Release|Any CPU.ActiveCfg = Release|Any CPU
		{7A3C88E6-950E-4D7B-B0C9-1573328F44D0}.Unsigned Release|Any CPU.Build.0 = Release|Any CPU
		{0D88361E-442C-409C-AAC7-4878E72199CB}.Debug AddIn|Any CPU.ActiveCfg = Debug|Any CPU
		{0D88361E-442C-409C-AAC7-4878E72199CB}.Debug AddIn|Any CPU.Build.0 = Debug|Any CPU
		{0D88361E-442C-409C-AAC7-4878E72199CB}.Debug_Trace|Any CPU.ActiveCfg = Debug|Any CPU
		{0D88361E-442C-409C-AAC7-4878E72199CB}.Debug_Trace|Any CPU.Build.0 = Debug|Any CPU
		{0D88361E-442C-409C-AAC7-4878E72199CB}.Debug|Any CPU.ActiveCfg = Debug|Any CPU
		{0D88361E-442C-409C-AAC7-4878E72199CB}.Debug|Any CPU.Build.0 = Debug|Any CPU
		{0D88361E-442C-409C-AAC7-4878E72199CB}.DebugNonUserInstance|Any CPU.ActiveCfg = Debug|Any CPU
		{0D88361E-442C-409C-AAC7-4878E72199CB}.DebugNonUserInstance|Any CPU.Build.0 = Debug|Any CPU
		{0D88361E-442C-409C-AAC7-4878E72199CB}.Release|Any CPU.ActiveCfg = Release|Any CPU
		{0D88361E-442C-409C-AAC7-4878E72199CB}.Release|Any CPU.Build.0 = Release|Any CPU
		{0D88361E-442C-409C-AAC7-4878E72199CB}.Signed Debug|Any CPU.ActiveCfg = Debug|Any CPU
		{0D88361E-442C-409C-AAC7-4878E72199CB}.Signed Debug|Any CPU.Build.0 = Debug|Any CPU
		{0D88361E-442C-409C-AAC7-4878E72199CB}.Unsigned Release|Any CPU.ActiveCfg = Release|Any CPU
		{0D88361E-442C-409C-AAC7-4878E72199CB}.Unsigned Release|Any CPU.Build.0 = Release|Any CPU
		{C479F776-A580-4451-813F-2D151635996D}.Debug AddIn|Any CPU.ActiveCfg = Debug|Any CPU
		{C479F776-A580-4451-813F-2D151635996D}.Debug AddIn|Any CPU.Build.0 = Debug|Any CPU
		{C479F776-A580-4451-813F-2D151635996D}.Debug_Trace|Any CPU.ActiveCfg = Debug|Any CPU
		{C479F776-A580-4451-813F-2D151635996D}.Debug_Trace|Any CPU.Build.0 = Debug|Any CPU
		{C479F776-A580-4451-813F-2D151635996D}.Debug|Any CPU.ActiveCfg = Debug|Any CPU
		{C479F776-A580-4451-813F-2D151635996D}.Debug|Any CPU.Build.0 = Debug|Any CPU
		{C479F776-A580-4451-813F-2D151635996D}.DebugNonUserInstance|Any CPU.ActiveCfg = Debug|Any CPU
		{C479F776-A580-4451-813F-2D151635996D}.DebugNonUserInstance|Any CPU.Build.0 = Debug|Any CPU
		{C479F776-A580-4451-813F-2D151635996D}.Release|Any CPU.ActiveCfg = Release|Any CPU
		{C479F776-A580-4451-813F-2D151635996D}.Release|Any CPU.Build.0 = Release|Any CPU
		{C479F776-A580-4451-813F-2D151635996D}.Signed Debug|Any CPU.ActiveCfg = Debug|Any CPU
		{C479F776-A580-4451-813F-2D151635996D}.Signed Debug|Any CPU.Build.0 = Debug|Any CPU
		{C479F776-A580-4451-813F-2D151635996D}.Unsigned Release|Any CPU.ActiveCfg = Release|Any CPU
		{C479F776-A580-4451-813F-2D151635996D}.Unsigned Release|Any CPU.Build.0 = Release|Any CPU
		{87DFADDB-052C-485E-9C99-7D6199A0554C}.Debug AddIn|Any CPU.ActiveCfg = Debug|Any CPU
		{87DFADDB-052C-485E-9C99-7D6199A0554C}.Debug AddIn|Any CPU.Build.0 = Debug|Any CPU
		{87DFADDB-052C-485E-9C99-7D6199A0554C}.Debug_Trace|Any CPU.ActiveCfg = Debug|Any CPU
		{87DFADDB-052C-485E-9C99-7D6199A0554C}.Debug_Trace|Any CPU.Build.0 = Debug|Any CPU
		{87DFADDB-052C-485E-9C99-7D6199A0554C}.Debug|Any CPU.ActiveCfg = Debug|Any CPU
		{87DFADDB-052C-485E-9C99-7D6199A0554C}.Debug|Any CPU.Build.0 = Debug|Any CPU
		{87DFADDB-052C-485E-9C99-7D6199A0554C}.DebugNonUserInstance|Any CPU.ActiveCfg = Debug|Any CPU
		{87DFADDB-052C-485E-9C99-7D6199A0554C}.DebugNonUserInstance|Any CPU.Build.0 = Debug|Any CPU
		{87DFADDB-052C-485E-9C99-7D6199A0554C}.Release|Any CPU.ActiveCfg = Release|Any CPU
		{87DFADDB-052C-485E-9C99-7D6199A0554C}.Release|Any CPU.Build.0 = Release|Any CPU
		{87DFADDB-052C-485E-9C99-7D6199A0554C}.Signed Debug|Any CPU.ActiveCfg = Debug|Any CPU
		{87DFADDB-052C-485E-9C99-7D6199A0554C}.Signed Debug|Any CPU.Build.0 = Debug|Any CPU
		{87DFADDB-052C-485E-9C99-7D6199A0554C}.Unsigned Release|Any CPU.ActiveCfg = Release|Any CPU
		{87DFADDB-052C-485E-9C99-7D6199A0554C}.Unsigned Release|Any CPU.Build.0 = Release|Any CPU
		{B0B35652-66B7-4B26-9237-FF2731863E86}.Debug AddIn|Any CPU.ActiveCfg = Debug|Any CPU
		{B0B35652-66B7-4B26-9237-FF2731863E86}.Debug AddIn|Any CPU.Build.0 = Debug|Any CPU
		{B0B35652-66B7-4B26-9237-FF2731863E86}.Debug_Trace|Any CPU.ActiveCfg = Debug|Any CPU
		{B0B35652-66B7-4B26-9237-FF2731863E86}.Debug_Trace|Any CPU.Build.0 = Debug|Any CPU
		{B0B35652-66B7-4B26-9237-FF2731863E86}.Debug|Any CPU.ActiveCfg = Debug|Any CPU
		{B0B35652-66B7-4B26-9237-FF2731863E86}.Debug|Any CPU.Build.0 = Debug|Any CPU
		{B0B35652-66B7-4B26-9237-FF2731863E86}.DebugNonUserInstance|Any CPU.ActiveCfg = Debug|Any CPU
		{B0B35652-66B7-4B26-9237-FF2731863E86}.DebugNonUserInstance|Any CPU.Build.0 = Debug|Any CPU
		{B0B35652-66B7-4B26-9237-FF2731863E86}.Release|Any CPU.ActiveCfg = Release|Any CPU
		{B0B35652-66B7-4B26-9237-FF2731863E86}.Release|Any CPU.Build.0 = Release|Any CPU
		{B0B35652-66B7-4B26-9237-FF2731863E86}.Signed Debug|Any CPU.ActiveCfg = Debug|Any CPU
		{B0B35652-66B7-4B26-9237-FF2731863E86}.Signed Debug|Any CPU.Build.0 = Debug|Any CPU
		{B0B35652-66B7-4B26-9237-FF2731863E86}.Unsigned Release|Any CPU.ActiveCfg = Release|Any CPU
		{B0B35652-66B7-4B26-9237-FF2731863E86}.Unsigned Release|Any CPU.Build.0 = Release|Any CPU
	EndGlobalSection
	GlobalSection(SolutionProperties) = preSolution
		HideSolutionNode = FALSE
	EndGlobalSection
	GlobalSection(NestedProjects) = preSolution
		{9D39DD33-0A52-460D-A5E2-8576E46B334F} = {8C1323A6-F732-41FE-ABFB-E484363505C7}
		{8E02FB04-15DE-416A-9468-0C99CC1DBE65} = {8C1323A6-F732-41FE-ABFB-E484363505C7}
		{7D8F3864-281D-495E-B0E4-5731FC31D007} = {8C1323A6-F732-41FE-ABFB-E484363505C7}
		{B0B35652-66B7-4B26-9237-FF2731863E86} = {8C1323A6-F732-41FE-ABFB-E484363505C7}
		{7A3C88E6-950E-4D7B-B0C9-1573328F44D0} = {1284C3C7-8A34-4C94-9A82-7DA6B87DC070}
		{0D88361E-442C-409C-AAC7-4878E72199CB} = {1284C3C7-8A34-4C94-9A82-7DA6B87DC070}
		{C479F776-A580-4451-813F-2D151635996D} = {1284C3C7-8A34-4C94-9A82-7DA6B87DC070}
	EndGlobalSection
	GlobalSection(DPCodeReviewSolutionGUID) = preSolution
		DPCodeReviewSolutionGUID = {00000000-0000-0000-0000-000000000000}
	EndGlobalSection
EndGlobal
